
Microsoft Visual Studio Solution File, Format Version 12.00
# Visual Studio 15
VisualStudioVersion = 15.0.27130.2036
MinimumVisualStudioVersion = 10.0.40219.1
Project("{9A19103F-16F7-4668-BE54-9A1E7A4F7556}") = "DiscordBot", "DiscordBot\DiscordBot.csproj", "{61904C97-AD85-4026-8804-026367BC8F7D}"
EndProject
Global
	GlobalSection(SolutionConfigurationPlatforms) = preSolution
		Debug|Any CPU = Debug|Any CPU
		Release|Any CPU = Release|Any CPU
	EndGlobalSection
	GlobalSection(ProjectConfigurationPlatforms) = postSolution
		{61904C97-AD85-4026-8804-026367BC8F7D}.Debug|Any CPU.ActiveCfg = Debug|Any CPU
		{61904C97-AD85-4026-8804-026367BC8F7D}.Debug|Any CPU.Build.0 = Debug|Any CPU
		{61904C97-AD85-4026-8804-026367BC8F7D}.Release|Any CPU.ActiveCfg = Release|Any CPU
		{61904C97-AD85-4026-8804-026367BC8F7D}.Release|Any CPU.Build.0 = Release|Any CPU
	EndGlobalSection
	GlobalSection(SolutionProperties) = preSolution
		HideSolutionNode = FALSE
	EndGlobalSection
	GlobalSection(ExtensibilityGlobals) = postSolution
		SolutionGuid = {9D8642CD-D9C3-4E7F-AAA1-CA98EB719C19}
	EndGlobalSection
EndGlobal
